hash: 46bef2e7058d97c85c4d0cee05e85f645581d9261af974123f2d0b6e3dbf1cb1
updated: 2016-12-13T11:49:55.78470418-05:00
imports:
- name: ""
  version: 1355b456f6ba4a8453249e0dc7743f16ccac362d
  repo: https://github.com/aws/aws-sdk-go.git
  vcs: git
- name: cloud.google.com/go
  version: 62745400f3add64573c4bf61f0be11483dd2cd4c
  subpackages:
  - compute/metadata
  - internal
- name: github.com/akutz/gofig
  version: 697c16916338166671910eeaccc50f21e3c10726
  vcs: git
- name: github.com/akutz/golf
  version: e26bdd995cb746e431d42ea303ebe7622389d29f
  vcs: git
  subpackages:
  - logrus
- name: github.com/akutz/goof
  version: ea06624ca980bae80c1b615b8417723436d235ab
  vcs: git
- name: github.com/akutz/gotil
  version: 6fa2e80bd3ac40f15788cfc3d12ebba49a0add92
  vcs: git
- name: github.com/appropriate/go-virtualboxclient
  version: e0978ab2ed407095400a69d5933958dd260058cd
  repo: https://github.com/clintonskitson/go-virtualboxclient
  vcs: git
  subpackages:
  - vboxwebsrv
  - virtualboxclient
- name: github.com/aws/aws-sdk-go
  version: 55795bd6e929e8721681ab89f5eebd8944162618
  subpackages:
  - aws
  - aws/awserr
  - aws/awsutil
  - aws/client
  - aws/client/metadata
  - aws/corehandlers
  - aws/credentials
  - aws/credentials/ec2rolecreds
  - aws/credentials/endpointcreds
  - aws/credentials/stscreds
  - aws/defaults
  - aws/ec2metadata
  - aws/request
  - aws/session
  - aws/signer/v4
  - private/endpoints
  - private/protocol
  - private/protocol/ec2query
  - private/protocol/query
  - private/protocol/query/queryutil
  - private/protocol/rest
  - private/protocol/xml/xmlutil
  - private/waiter
  - service/ec2
  - service/sts
- name: github.com/BurntSushi/toml
  version: f0aeabca5a127c4078abb8c8d64298b147264b55
- name: github.com/cpuguy83/go-md2man
  version: 2724a9c9051aa62e9cca11304e7dd518e9e41599
  subpackages:
  - md2man
- name: github.com/docker/docker
  version: 4549e9104cef53ff51a194bc47896a041bf18418
  subpackages:
  - pkg/mount
- name: github.com/emccode/goisilon
  version: f9b53f0aaadb12a26b134830142fc537f492cb13
  repo: https://github.com/emccode/goisilon
  vcs: git
  subpackages:
  - api/v1
- name: github.com/emccode/goscaleio
  version: 53ea76f52205380ab52b9c1f4ad89321c286bb95
  repo: https://github.com/emccode/goscaleio.git
  vcs: git
  subpackages:
  - types/v1
- name: github.com/emccode/govmax
  version: 39eb25ef96221a595aea883ffded341d37750d51
  repo: https://github.com/emccode/govmax
  vcs: git
  subpackages:
  - api/v1
- name: github.com/emccode/goxtremio
  version: 89e87d4bdf43837a161fd36ad8dd32e0ce42ae98
  repo: https://github.com/akutz/goxtremio.git
  vcs: git
  subpackages:
  - api/v3
- name: github.com/go-ini/ini
  version: 6e4869b434bd001f6983749881c7ead3545887d8
- name: github.com/go-yaml/yaml
  version: b4a9f8c4b84c6c4256d669c649837f1441e4b050
  repo: https://github.com/akutz/yaml.git
  vcs: git
- name: github.com/gorilla/context
  version: aed02d124ae4a0e94fea4541c8effd05bf0c8296
- name: github.com/gorilla/handlers
  version: 66e6c6f01d8da976ee113437745ca029c2b585a6
- name: github.com/gorilla/mux
  version: 9fa818a44c2bf1396a17f9d5a3c0f6dd39d2ff8e
- name: github.com/inconshreveable/mousetrap
  version: 76626ae9c91c4f2a10f34cad8ce83ea42c93bb75
- name: github.com/jmespath/go-jmespath
  version: bd40a432e4c76585ef6b72d3fd96fb9b6dc7b68d
- name: github.com/kardianos/osext
  version: c2c54e542fb797ad986b31721e1baedf214ca413
  repo: https://github.com/kardianos/osext.git
  vcs: git
- name: github.com/kr/pretty
  version: add1dbc86daf0f983cd4a48ceb39deb95c729b67
- name: github.com/kr/text
  version: 7cafcd837844e784b526369c9bce262804aebc60
- name: github.com/magiconair/properties
  version: c265cfa48dda6474e208715ca93e987829f572f8
- name: github.com/mitchellh/mapstructure
  version: d2dd0262208475919e1a362f675cfc0e7c10e905
- name: github.com/opencontainers/runc
  version: 43c43004ef0563ceab23bb8f254cd5061a6f607e
  subpackages:
  - libcontainer/label
- name: github.com/rackspace/gophercloud
  version: 42196eaf5b93739d335921404bb7c5f2205fceb3
  repo: https://github.com/clintonskitson/gophercloud.git
  vcs: git
  subpackages:
  - openstack
  - openstack/blockstorage/v1/snapshots
  - openstack/blockstorage/v1/volumes
  - openstack/blockstorage/v2/extensions/volumeactions
  - openstack/compute/v2/extensions/volumeattach
  - openstack/compute/v2/flavors
  - openstack/compute/v2/images
  - openstack/compute/v2/servers
  - openstack/identity/v2/tenants
  - openstack/identity/v2/tokens
  - openstack/identity/v3/tokens
  - openstack/utils
  - pagination
  - testhelper
  - testhelper/client
- name: github.com/russross/blackfriday
  version: 1d6b8e9301e720b08a8938b8c25c018285885438
- name: github.com/shurcooL/sanitized_anchor_name
  version: 10ef21a441db47d8b13ebcc5fd2310f636973c77
- name: github.com/Sirupsen/logrus
  version: 5f376aa629ac60c3215cc368e674bd996093a01a
  repo: https://github.com/akutz/logrus
  vcs: git
- name: github.com/spf13/cast
  version: 27b586b42e29bec072fe7379259cc719e1289da6
- name: github.com/spf13/cobra
  version: 363816bb13ce1710460c2345017fd35593cbf5ed
  repo: https://github.com/akutz/cobra
  vcs: git
- name: github.com/spf13/jwalterweatherman
  version: 33c24e77fb80341fe7130ee7c594256ff08ccc46
- name: github.com/spf13/pflag
  version: b084184666e02084b8ccb9b704bf0d79c466eb1d
  repo: https://github.com/spf13/pflag
  vcs: git
- name: github.com/spf13/viper
  version: 317ec73d0d7507658ee3be15866b445d6d921848
  repo: https://github.com/akutz/viper.git
  vcs: git
- name: github.com/vmware/govmomi
  version: 4739ba797cc0c7240e0848e724fb733e6b08bc9c
  repo: https://github.com/clintonskitson/govmomi
  vcs: git
  subpackages:
  - find
  - list
  - object
  - property
  - session
  - task
  - vim25
  - vim25/debug
  - vim25/methods
  - vim25/mo
  - vim25/progress
  - vim25/soap
  - vim25/types
  - vim25/xml
- name: golang.org/x/net
  version: cfae461cedfdcab6e261a26eb77db53695623303
  repo: https://github.com/golang/net
  vcs: git
  subpackages:
  - context
  - context/ctxhttp
- name: golang.org/x/oauth2
  version: d5040cddfc0da40b408c9a1da4728662435176a9
  subpackages:
  - google
  - internal
  - jws
  - jwt
- name: golang.org/x/sys
  version: 62bee037599929a6e9146f29d10dd5208c43507d
  subpackages:
  - unix
- name: google.golang.org/api
  version: fd081149e482b10c55262756934088ffe3197ea3
  repo: https://github.com/google/google-api-go-client.git
  vcs: git
  subpackages:
  - compute/v1
  - gensupport
  - googleapi
  - googleapi/internal/uritemplates
- name: gopkg.in/fsnotify.v1
  version: 30411dbcefb7a1da7e84f75530ad3abe4011b4f8
- name: gopkg.in/yaml.v1
  version: b4a9f8c4b84c6c4256d669c649837f1441e4b050
  repo: https://github.com/akutz/yaml.git
  vcs: git
- name: gopkg.in/yaml.v2
  version: b4a9f8c4b84c6c4256d669c649837f1441e4b050
  repo: https://github.com/akutz/yaml.git
  vcs: git
testImports: []
